
Microsoft Visual Studio Solution File, Format Version 12.00
# Visual Studio 15
VisualStudioVersion = 15.0.28010.2041
MinimumVisualStudioVersion = 10.0.40219.1
Project("{FAE04EC0-301F-11D3-BF4B-00C04F79EFBC}") = "SapperApplication", "SapperApplication\SapperApplication.csproj", "{154B8079-B63B-40A8-AC9F-26426F56A824}"
EndProject
Project("{2150E333-8FDC-42A3-9474-1A3956D46DE8}") = "NETStandart", "NETStandart", "{75B03D32-735C-462F-BC9E-E768AE44B8B9}"
EndProject
Project("{2150E333-8FDC-42A3-9474-1A3956D46DE8}") = "BusinessLogic", "BusinessLogic", "{A7D04C58-CD61-4B75-8D39-B2C1C85DE516}"
EndProject
Project("{FAE04EC0-301F-11D3-BF4B-00C04F79EFBC}") = "Sapper.BusinessLogic", "Sapper.BusinessLogic\Sapper.BusinessLogic.csproj", "{533D092E-C911-4BB7-88E0-7FFAAE3468BC}"
EndProject
Project("{FAE04EC0-301F-11D3-BF4B-00C04F79EFBC}") = "Sapper.BusinessLogic.Contract", "Sapper.BusinessLogic.Contract\Sapper.BusinessLogic.Contract.csproj", "{C9873A67-80B8-49B6-96DC-E433EB85AB98}"
EndProject
Project("{FAE04EC0-301F-11D3-BF4B-00C04F79EFBC}") = "Sapper.BusinessLogic.DI", "Sapper.BusinessLogic.DI\Sapper.BusinessLogic.DI.csproj", "{81B7E121-7FCB-42D4-94AC-C6CBEBD53A38}"
EndProject
Project("{2150E333-8FDC-42A3-9474-1A3956D46DE8}") = "Common", "Common", "{E81098DF-A9F2-4DBA-9D67-1CFA32C4EEE6}"
EndProject
Project("{FAE04EC0-301F-11D3-BF4B-00C04F79EFBC}") = "Sapper.Common.Resources", "Sapper.Common.Resources\Sapper.Common.Resources.csproj", "{A012631F-33DE-4EA9-8AEF-FEB5771511A7}"
EndProject
Project("{2150E333-8FDC-42A3-9474-1A3956D46DE8}") = "API", "API", "{66D9EBFB-B410-4020-B181-3424BA7FFEC6}"
EndProject
Project("{FAE04EC0-301F-11D3-BF4B-00C04F79EFBC}") = "Sapper.Api", "Sapper.Api\Sapper.Api.csproj", "{3263F4C8-CF83-4314-A916-3704F0310656}"
EndProject
Global
	GlobalSection(SolutionConfigurationPlatforms) = preSolution
		Debug|Any CPU = Debug|Any CPU
		Release|Any CPU = Release|Any CPU
	EndGlobalSection
	GlobalSection(ProjectConfigurationPlatforms) = postSolution
		{154B8079-B63B-40A8-AC9F-26426F56A824}.Debug|Any CPU.ActiveCfg = Debug|Any CPU
		{154B8079-B63B-40A8-AC9F-26426F56A824}.Debug|Any CPU.Build.0 = Debug|Any CPU
		{154B8079-B63B-40A8-AC9F-26426F56A824}.Release|Any CPU.ActiveCfg = Release|Any CPU
		{154B8079-B63B-40A8-AC9F-26426F56A824}.Release|Any CPU.Build.0 = Release|Any CPU
		{533D092E-C911-4BB7-88E0-7FFAAE3468BC}.Debug|Any CPU.ActiveCfg = Debug|Any CPU
		{533D092E-C911-4BB7-88E0-7FFAAE3468BC}.Debug|Any CPU.Build.0 = Debug|Any CPU
		{533D092E-C911-4BB7-88E0-7FFAAE3468BC}.Release|Any CPU.ActiveCfg = Release|Any CPU
		{533D092E-C911-4BB7-88E0-7FFAAE3468BC}.Release|Any CPU.Build.0 = Release|Any CPU
		{C9873A67-80B8-49B6-96DC-E433EB85AB98}.Debug|Any CPU.ActiveCfg = Debug|Any CPU
		{C9873A67-80B8-49B6-96DC-E433EB85AB98}.Debug|Any CPU.Build.0 = Debug|Any CPU
		{C9873A67-80B8-49B6-96DC-E433EB85AB98}.Release|Any CPU.ActiveCfg = Release|Any CPU
		{C9873A67-80B8-49B6-96DC-E433EB85AB98}.Release|Any CPU.Build.0 = Release|Any CPU
		{81B7E121-7FCB-42D4-94AC-C6CBEBD53A38}.Debug|Any CPU.ActiveCfg = Debug|Any CPU
		{81B7E121-7FCB-42D4-94AC-C6CBEBD53A38}.Debug|Any CPU.Build.0 = Debug|Any CPU
		{81B7E121-7FCB-42D4-94AC-C6CBEBD53A38}.Release|Any CPU.ActiveCfg = Release|Any CPU
		{81B7E121-7FCB-42D4-94AC-C6CBEBD53A38}.Release|Any CPU.Build.0 = Release|Any CPU
		{A012631F-33DE-4EA9-8AEF-FEB5771511A7}.Debug|Any CPU.ActiveCfg = Debug|Any CPU
		{A012631F-33DE-4EA9-8AEF-FEB5771511A7}.Debug|Any CPU.Build.0 = Debug|Any CPU
		{A012631F-33DE-4EA9-8AEF-FEB5771511A7}.Release|Any CPU.ActiveCfg = Release|Any CPU
		{A012631F-33DE-4EA9-8AEF-FEB5771511A7}.Release|Any CPU.Build.0 = Release|Any CPU
		{3263F4C8-CF83-4314-A916-3704F0310656}.Debug|Any CPU.ActiveCfg = Debug|Any CPU
		{3263F4C8-CF83-4314-A916-3704F0310656}.Debug|Any CPU.Build.0 = Debug|Any CPU
		{3263F4C8-CF83-4314-A916-3704F0310656}.Release|Any CPU.ActiveCfg = Release|Any CPU
		{3263F4C8-CF83-4314-A916-3704F0310656}.Release|Any CPU.Build.0 = Release|Any CPU
	EndGlobalSection
	GlobalSection(SolutionProperties) = preSolution
		HideSolutionNode = FALSE
	EndGlobalSection
	GlobalSection(NestedProjects) = preSolution
		{A7D04C58-CD61-4B75-8D39-B2C1C85DE516} = {75B03D32-735C-462F-BC9E-E768AE44B8B9}
		{533D092E-C911-4BB7-88E0-7FFAAE3468BC} = {A7D04C58-CD61-4B75-8D39-B2C1C85DE516}
		{C9873A67-80B8-49B6-96DC-E433EB85AB98} = {A7D04C58-CD61-4B75-8D39-B2C1C85DE516}
		{81B7E121-7FCB-42D4-94AC-C6CBEBD53A38} = {A7D04C58-CD61-4B75-8D39-B2C1C85DE516}
		{E81098DF-A9F2-4DBA-9D67-1CFA32C4EEE6} = {75B03D32-735C-462F-BC9E-E768AE44B8B9}
		{A012631F-33DE-4EA9-8AEF-FEB5771511A7} = {E81098DF-A9F2-4DBA-9D67-1CFA32C4EEE6}
		{66D9EBFB-B410-4020-B181-3424BA7FFEC6} = {75B03D32-735C-462F-BC9E-E768AE44B8B9}
		{3263F4C8-CF83-4314-A916-3704F0310656} = {66D9EBFB-B410-4020-B181-3424BA7FFEC6}
	EndGlobalSection
	GlobalSection(ExtensibilityGlobals) = postSolution
		SolutionGuid = {BF11A636-3324-4BE9-B8FA-B80286B1E0B1}
	EndGlobalSection
EndGlobal
